
Microsoft Visual Studio Solution File, Format Version 12.00
# Visual Studio Version 17
VisualStudioVersion = 17.13.35931.197 d17.13
MinimumVisualStudioVersion = 10.0.40219.1
Project("{FAE04EC0-301F-11D3-BF4B-00C04F79EFBC}") = "NotifierWeb", "NotifierWeb.csproj", "{E7F3A22C-5D84-4469-8A1B-CFCC28D94D00}"
EndProject
Global
	GlobalSection(SolutionConfigurationPlatforms) = preSolution
		Debug|Any CPU = Debug|Any CPU
		Release|Any CPU = Release|Any CPU
	EndGlobalSection
	GlobalSection(ProjectConfigurationPlatforms) = postSolution
		{E7F3A22C-5D84-4469-8A1B-CFCC28D94D00}.Debug|Any CPU.ActiveCfg = Debug|Any CPU
		{E7F3A22C-5D84-4469-8A1B-CFCC28D94D00}.Debug|Any CPU.Build.0 = Debug|Any CPU
		{E7F3A22C-5D84-4469-8A1B-CFCC28D94D00}.Release|Any CPU.ActiveCfg = Release|Any CPU
		{E7F3A22C-5D84-4469-8A1B-CFCC28D94D00}.Release|Any CPU.Build.0 = Release|Any CPU
	EndGlobalSection
	GlobalSection(SolutionProperties) = preSolution
		HideSolutionNode = FALSE
	EndGlobalSection
	GlobalSection(ExtensibilityGlobals) = postSolution
		SolutionGuid = {3E21FCA9-5929-4E90-85C7-CBB0C8C2831E}
	EndGlobalSection
EndGlobal
